{
  "name": "websockets",
  "version": "1.0.0",
  "lockfileVersion": 2,
  "requires": true,
  "packages": {
    "": {
      "name": "websockets",
      "version": "1.0.0",
      "license": "ISC",
      "dependencies": {
        "systeminformation": "^5.21.10",
        "ws": "^8.14.2"
      }
    },
    "node_modules/systeminformation": {
      "version": "5.21.10",
      "resolved": "http://npm.prakticum-team.ru/systeminformation/-/systeminformation-5.21.10.tgz",
      "integrity": "sha512-AUPgLI70zycKM4QhPLj4fPVCx06HLlMKR7deJxkdLpSgnT6VDxP0kXUusrgbI/f8XScf9IMufFPeJ9FGHHeaIg==",
      "os": [
        "darwin",
        "linux",
        "win32",
        "freebsd",
        "openbsd",
        "netbsd",
        "sunos",
        "android"
      ],
      "bin": {
        "systeminformation": "lib/cli.js"
      },
      "engines": {
        "node": ">=8.0.0"
      },
      "funding": {
        "type": "Buy me a coffee",
        "url": "https://www.buymeacoffee.com/systeminfo"
      }
    },
    "node_modules/ws": {
      "version": "8.14.2",
      "resolved": "http://npm.prakticum-team.ru/ws/-/ws-8.14.2.tgz",
      "integrity": "sha512-wEBG1ftX4jcglPxgFCMJmZ2PLtSbJ2Peg6TmpJFTbe9GZYOQCDPdMYu/Tm0/bGZkw8paZnJY45J4K2PZrLYq8g==",
      "engines": {
        "node": ">=10.0.0"
      },
      "peerDependencies": {
        "bufferutil": "^4.0.1",
        "utf-8-validate": ">=5.0.2"
      },
      "peerDependenciesMeta": {
        "bufferutil": {
          "optional": true
        },
        "utf-8-validate": {
          "optional": true
        }
      }
    }
  },
  "dependencies": {
    "systeminformation": {
      "version": "5.21.10",
      "resolved": "http://npm.prakticum-team.ru/systeminformation/-/systeminformation-5.21.10.tgz",
      "integrity": "sha512-AUPgLI70zycKM4QhPLj4fPVCx06HLlMKR7deJxkdLpSgnT6VDxP0kXUusrgbI/f8XScf9IMufFPeJ9FGHHeaIg=="
    },
    "ws": {
      "version": "8.14.2",
      "resolved": "http://npm.prakticum-team.ru/ws/-/ws-8.14.2.tgz",
      "integrity": "sha512-wEBG1ftX4jcglPxgFCMJmZ2PLtSbJ2Peg6TmpJFTbe9GZYOQCDPdMYu/Tm0/bGZkw8paZnJY45J4K2PZrLYq8g==",
      "requires": {}
    }
  }
}
